golang.org/x/sys v0.0.0-20191002091554-b397fe3ad8ed h1:5TJcLJn2a55mJjzYk0yOoqN8X1OdvBDUnaZaKKyQtkY=
golang.org/x/sys v0.0.0-20191002091554-b397fe3ad8ed/go.mod h1:h1NjWce9XRLGQEsW7wpKNCjG9DtNlClVuFLEZdDNbEs=
gopkg.in/h2non/filetype.v0 v0.1.0 h1:dHAr5+j6pXvVGAUzPEcakSwUk4iN6wYK3ayaczI9/a0=
gopkg.in/h2non/filetype.v0 v0.1.0/go.mod h1:x+TuV875+zjvYsL9AQ4XywX3gJhuFVfzIGWtOk7OBS4=
